
Microsoft Visual Studio Solution File, Format Version 12.00
# Visual Studio 15
VisualStudioVersion = 15.0.27703.2035
MinimumVisualStudioVersion = 10.0.40219.1
Project("{FAE04EC0-301F-11D3-BF4B-00C04F79EFBC}") = "POS System for RERB Enterprise", "POS System for RERB Enterprise\POS System for RERB Enterprise.csproj", "{C1361864-BAE6-441D-B2CF-FEA5E2461FE8}"
EndProject
Global
	GlobalSection(SolutionConfigurationPlatforms) = preSolution
		Debug|Any CPU = Debug|Any CPU
		Release|Any CPU = Release|Any CPU
	EndGlobalSection
	GlobalSection(ProjectConfigurationPlatforms) = postSolution
		{C1361864-BAE6-441D-B2CF-FEA5E2461FE8}.Debug|Any CPU.ActiveCfg = Debug|Any CPU
		{C1361864-BAE6-441D-B2CF-FEA5E2461FE8}.Debug|Any CPU.Build.0 = Debug|Any CPU
		{C1361864-BAE6-441D-B2CF-FEA5E2461FE8}.Release|Any CPU.ActiveCfg = Release|Any CPU
		{C1361864-BAE6-441D-B2CF-FEA5E2461FE8}.Release|Any CPU.Build.0 = Release|Any CPU
	EndGlobalSection
	GlobalSection(SolutionProperties) = preSolution
		HideSolutionNode = FALSE
	EndGlobalSection
	GlobalSection(ExtensibilityGlobals) = postSolution
		SolutionGuid = {878D2836-8C8E-4DB9-BD3B-D3D52F03FFEA}
	EndGlobalSection
EndGlobal
